// !$*UTF8*$!
{
	archiveVersion = 1;
	classes = {
	};
	objectVersion = 46;
	objects = {

/* Begin PBXCopyFilesBuildPhase section */
		58B511D91A9E6C8500147676 /* CopyFiles */ = {
			isa = PBXCopyFilesBuildPhase;
			buildActionMask = 2147483647;
			dstPath = "include/$(PRODUCT_NAME)";
			dstSubfolderSpec = 16;
			files = (
			);
			runOnlyForDeploymentPostprocessing = 0;
		};
/* End PBXCopyFilesBuildPhase section */

/* Begin PBXFileReference section */
		134814201AA4EA6300B7C361 /* libRNGizwitsRnSdk.a */ = {isa = PBXFileReference; explicitFileType = archive.ar; includeInIndex = 0; path = libRNGizwitsRnSdk.a; sourceTree = BUILT_PRODUCTS_DIR; };
		1996305925C8F36F00FBF10F /* RNGizwitsRnDevice.h */ = {isa = PBXFileReference; fileEncoding = 4; lastKnownFileType = sourcecode.c.h; path = RNGizwitsRnDevice.h; sourceTree = "<group>"; };
		1996305D25C8F37B00FBF10F /* NSObject+Giz.h */ = {isa = PBXFileReference; lastKnownFileType = sourcecode.c.h; path = "NSObject+Giz.h"; sourceTree = "<group>"; };
		1996306025C8F37B00FBF10F /* GizWifiCacheCommon.h */ = {isa = PBXFileReference; lastKnownFileType = sourcecode.c.h; path = GizWifiCacheCommon.h; sourceTree = "<group>"; };
		1996306225C8F37B00FBF10F /* NSDictionary+Giz.h */ = {isa = PBXFileReference; lastKnownFileType = sourcecode.c.h; path = "NSDictionary+Giz.h"; sourceTree = "<group>"; };
		1996306325C8F37B00FBF10F /* GizWifiRnCallBackManager.h */ = {isa = PBXFileReference; lastKnownFileType = sourcecode.c.h; path = GizWifiRnCallBackManager.h; sourceTree = "<group>"; };
		1996306425C8F37B00FBF10F /* GizWifiSDKCache.h */ = {isa = PBXFileReference; lastKnownFileType = sourcecode.c.h; path = GizWifiSDKCache.h; sourceTree = "<group>"; };
		1996306625C8F37B00FBF10F /* GizWifiDef.h */ = {isa = PBXFileReference; lastKnownFileType = sourcecode.c.h; path = GizWifiDef.h; sourceTree = "<group>"; };
		1996306A25C8F37B00FBF10F /* GizWifiDeviceCache.h */ = {isa = PBXFileReference; lastKnownFileType = sourcecode.c.h; path = GizWifiDeviceCache.h; sourceTree = "<group>"; };
		35003C612A682884005CE06F /* RNGizwitsRnDevice.mm */ = {isa = PBXFileReference; lastKnownFileType = sourcecode.cpp.objcpp; path = RNGizwitsRnDevice.mm; sourceTree = "<group>"; };
		35003C622A682884005CE06F /* RNGizwitsRnSdk.mm */ = {isa = PBXFileReference; lastKnownFileType = sourcecode.cpp.objcpp; path = RNGizwitsRnSdk.mm; sourceTree = "<group>"; };
		35003C6D2A682EF1005CE06F /* GizWifiCacheCommon.mm */ = {isa = PBXFileReference; lastKnownFileType = sourcecode.cpp.objcpp; path = GizWifiCacheCommon.mm; sourceTree = "<group>"; };
		35003C6E2A682EF1005CE06F /* GizWifiDef.h */ = {isa = PBXFileReference; lastKnownFileType = sourcecode.c.h; path = GizWifiDef.h; sourceTree = "<group>"; };
		35003C6F2A682EF1005CE06F /* GizWifiDeviceCache.mm */ = {isa = PBXFileReference; lastKnownFileType = sourcecode.cpp.objcpp; path = GizWifiDeviceCache.mm; sourceTree = "<group>"; };
		35003C702A682EF1005CE06F /* NSDictionary+Giz.h */ = {isa = PBXFileReference; lastKnownFileType = sourcecode.c.h; path = "NSDictionary+Giz.h"; sourceTree = "<group>"; };
		35003C712A682EF1005CE06F /* GizSn.h */ = {isa = PBXFileReference; lastKnownFileType = sourcecode.c.h; path = GizSn.h; sourceTree = "<group>"; };
		35003C722A682EF1005CE06F /* GizWifiRnCallBackManager.h */ = {isa = PBXFileReference; lastKnownFileType = sourcecode.c.h; path = GizWifiRnCallBackManager.h; sourceTree = "<group>"; };
		35003C732A682EF1005CE06F /* NSObject+Giz.mm */ = {isa = PBXFileReference; lastKnownFileType = sourcecode.cpp.objcpp; path = "NSObject+Giz.mm"; sourceTree = "<group>"; };
		35003C742A682EF1005CE06F /* GizWifiRnCallBackManager.mm */ = {isa = PBXFileReference; lastKnownFileType = sourcecode.cpp.objcpp; path = GizWifiRnCallBackManager.mm; sourceTree = "<group>"; };
		35003C752A682EF1005CE06F /* GizWifiSDKCache.mm */ = {isa = PBXFileReference; lastKnownFileType = sourcecode.cpp.objcpp; path = GizWifiSDKCache.mm; sourceTree = "<group>"; };
		35003C762A682EF2005CE06F /* GizWifiSDKCache.h */ = {isa = PBXFileReference; lastKnownFileType = sourcecode.c.h; path = GizWifiSDKCache.h; sourceTree = "<group>"; };
		35003C772A682EF2005CE06F /* NSObject+Giz.h */ = {isa = PBXFileReference; lastKnownFileType = sourcecode.c.h; path = "NSObject+Giz.h"; sourceTree = "<group>"; };
		35003C782A682EF2005CE06F /* GizWifiDef.mm */ = {isa = PBXFileReference; lastKnownFileType = sourcecode.cpp.objcpp; path = GizWifiDef.mm; sourceTree = "<group>"; };
		35003C792A682EF2005CE06F /* GizWifiDeviceCache.h */ = {isa = PBXFileReference; lastKnownFileType = sourcecode.c.h; path = GizWifiDeviceCache.h; sourceTree = "<group>"; };
		35003C7A2A682EF2005CE06F /* GizSn.mm */ = {isa = PBXFileReference; lastKnownFileType = sourcecode.cpp.objcpp; path = GizSn.mm; sourceTree = "<group>"; };
		35003C7B2A682EF2005CE06F /* GizWifiCacheCommon.h */ = {isa = PBXFileReference; lastKnownFileType = sourcecode.c.h; path = GizWifiCacheCommon.h; sourceTree = "<group>"; };
		35003C7C2A682EF2005CE06F /* NSDictionary+Giz.mm */ = {isa = PBXFileReference; lastKnownFileType = sourcecode.cpp.objcpp; path = "NSDictionary+Giz.mm"; sourceTree = "<group>"; };
		35003C7D2A682F0F005CE06F /* YeetJSIUtils.mm */ = {isa = PBXFileReference; lastKnownFileType = sourcecode.cpp.objcpp; path = YeetJSIUtils.mm; sourceTree = "<group>"; };
		35003C7E2A682F0F005CE06F /* YeetJSIUtils.h */ = {isa = PBXFileReference; lastKnownFileType = sourcecode.c.h; path = YeetJSIUtils.h; sourceTree = "<group>"; };
		35003C822A68312C005CE06F /* gizwits_c_sdk.h */ = {isa = PBXFileReference; lastKnownFileType = sourcecode.c.h; name = gizwits_c_sdk.h; path = ../cpp/gizwits_c_sdk.h; sourceTree = "<group>"; };
		35003C832A68312C005CE06F /* gizwits_c_sdk.cpp */ = {isa = PBXFileReference; lastKnownFileType = sourcecode.cpp.cpp; name = gizwits_c_sdk.cpp; path = ../cpp/gizwits_c_sdk.cpp; sourceTree = "<group>"; };
		B3E7B5881CC2AC0600A0062D /* RNGizwitsRnSdk.h */ = {isa = PBXFileReference; fileEncoding = 4; lastKnownFileType = sourcecode.c.h; path = RNGizwitsRnSdk.h; sourceTree = "<group>"; };
/* End PBXFileReference section */

/* Begin PBXFrameworksBuildPhase section */
		58B511D81A9E6C8500147676 /* Frameworks */ = {
			isa = PBXFrameworksBuildPhase;
			buildActionMask = 2147483647;
			files = (
			);
			runOnlyForDeploymentPostprocessing = 0;
		};
/* End PBXFrameworksBuildPhase section */

/* Begin PBXGroup section */
		134814211AA4EA7D00B7C361 /* Products */ = {
			isa = PBXGroup;
			children = (
				134814201AA4EA6300B7C361 /* libRNGizwitsRnSdk.a */,
			);
			name = Products;
			sourceTree = "<group>";
		};
		1996305C25C8F37B00FBF10F /* Utils */ = {
			isa = PBXGroup;
			children = (
				35003C712A682EF1005CE06F /* GizSn.h */,
				35003C7A2A682EF2005CE06F /* GizSn.mm */,
				35003C7B2A682EF2005CE06F /* GizWifiCacheCommon.h */,
				35003C6D2A682EF1005CE06F /* GizWifiCacheCommon.mm */,
				35003C6E2A682EF1005CE06F /* GizWifiDef.h */,
				35003C782A682EF2005CE06F /* GizWifiDef.mm */,
				35003C792A682EF2005CE06F /* GizWifiDeviceCache.h */,
				35003C6F2A682EF1005CE06F /* GizWifiDeviceCache.mm */,
				35003C722A682EF1005CE06F /* GizWifiRnCallBackManager.h */,
				35003C742A682EF1005CE06F /* GizWifiRnCallBackManager.mm */,
				35003C762A682EF2005CE06F /* GizWifiSDKCache.h */,
				35003C752A682EF1005CE06F /* GizWifiSDKCache.mm */,
				35003C702A682EF1005CE06F /* NSDictionary+Giz.h */,
				35003C7C2A682EF2005CE06F /* NSDictionary+Giz.mm */,
				35003C772A682EF2005CE06F /* NSObject+Giz.h */,
				35003C732A682EF1005CE06F /* NSObject+Giz.mm */,
				1996306625C8F37B00FBF10F /* GizWifiDef.h */,
				1996305D25C8F37B00FBF10F /* NSObject+Giz.h */,
				1996306225C8F37B00FBF10F /* NSDictionary+Giz.h */,
				1996306425C8F37B00FBF10F /* GizWifiSDKCache.h */,
				1996306A25C8F37B00FBF10F /* GizWifiDeviceCache.h */,
				1996306025C8F37B00FBF10F /* GizWifiCacheCommon.h */,
				1996306325C8F37B00FBF10F /* GizWifiRnCallBackManager.h */,
			);
			path = Utils;
			sourceTree = "<group>";
		};
		58B511D21A9E6C8500147676 = {
			isa = PBXGroup;
			children = (
				1996305C25C8F37B00FBF10F /* Utils */,
				B3E7B5881CC2AC0600A0062D /* RNGizwitsRnSdk.h */,
				35003C7E2A682F0F005CE06F /* YeetJSIUtils.h */,
				35003C7D2A682F0F005CE06F /* YeetJSIUtils.mm */,
				35003C612A682884005CE06F /* RNGizwitsRnDevice.mm */,
				35003C622A682884005CE06F /* RNGizwitsRnSdk.mm */,
				35003C832A68312C005CE06F /* gizwits_c_sdk.cpp */,
				35003C822A68312C005CE06F /* gizwits_c_sdk.h */,
				1996305925C8F36F00FBF10F /* RNGizwitsRnDevice.h */,
				134814211AA4EA7D00B7C361 /* Products */,
			);
			sourceTree = "<group>";
		};
/* End PBXGroup section */

/* Begin PBXNativeTarget section */
		58B511DA1A9E6C8500147676 /* RNGizwitsRnSdk */ = {
			isa = PBXNativeTarget;
			buildConfigurationList = 58B511EF1A9E6C8500147676 /* Build configuration list for PBXNativeTarget "RNGizwitsRnSdk" */;
			buildPhases = (
				58B511D71A9E6C8500147676 /* Sources */,
				58B511D81A9E6C8500147676 /* Frameworks */,
				58B511D91A9E6C8500147676 /* CopyFiles */,
			);
			buildRules = (
			);
			dependencies = (
			);
			name = RNGizwitsRnSdk;
			productName = RCTDataManager;
			productReference = 134814201AA4EA6300B7C361 /* libRNGizwitsRnSdk.a */;
			productType = "com.apple.product-type.library.static";
		};
/* End PBXNativeTarget section */

/* Begin PBXProject section */
		58B511D31A9E6C8500147676 /* Project object */ = {
			isa = PBXProject;
			attributes = {
				LastUpgradeCheck = 0830;
				ORGANIZATIONNAME = Facebook;
				TargetAttributes = {
					58B511DA1A9E6C8500147676 = {
						CreatedOnToolsVersion = 6.1.1;
					};
				};
			};
			buildConfigurationList = 58B511D61A9E6C8500147676 /* Build configuration list for PBXProject "RNGizwitsRnSdk" */;
			compatibilityVersion = "Xcode 3.2";
			developmentRegion = English;
			hasScannedForEncodings = 0;
			knownRegions = (
				English,
				en,
			);
			mainGroup = 58B511D21A9E6C8500147676;
			productRefGroup = 58B511D21A9E6C8500147676;
			projectDirPath = "";
			projectRoot = "";
			targets = (
				58B511DA1A9E6C8500147676 /* RNGizwitsRnSdk */,
			);
		};
/* End PBXProject section */

/* Begin PBXSourcesBuildPhase section */
		58B511D71A9E6C8500147676 /* Sources */ = {
			isa = PBXSourcesBuildPhase;
			buildActionMask = 2147483647;
			files = (
			);
			runOnlyForDeploymentPostprocessing = 0;
		};
/* End PBXSourcesBuildPhase section */

/* Begin XCBuildConfiguration section */
		58B511ED1A9E6C8500147676 /* Debug */ = {
			isa = XCBuildConfiguration;
			buildSettings = {
				ALWAYS_SEARCH_USER_PATHS = NO;
				CLANG_CXX_LANGUAGE_STANDARD = "gnu++0x";
				CLANG_CXX_LIBRARY = "libc++";
				CLANG_ENABLE_MODULES = YES;
				CLANG_ENABLE_OBJC_ARC = YES;
				CLANG_WARN_BOOL_CONVERSION = YES;
				CLANG_WARN_CONSTANT_CONVERSION = YES;
				CLANG_WARN_DIRECT_OBJC_ISA_USAGE = YES_ERROR;
				CLANG_WARN_EMPTY_BODY = YES;
				CLANG_WARN_ENUM_CONVERSION = YES;
				CLANG_WARN_INFINITE_RECURSION = YES;
				CLANG_WARN_INT_CONVERSION = YES;
				CLANG_WARN_OBJC_ROOT_CLASS = YES_ERROR;
				CLANG_WARN_SUSPICIOUS_MOVE = YES;
				CLANG_WARN_UNREACHABLE_CODE = YES;
				CLANG_WARN__DUPLICATE_METHOD_MATCH = YES;
				COPY_PHASE_STRIP = NO;
				ENABLE_STRICT_OBJC_MSGSEND = YES;
				ENABLE_TESTABILITY = YES;
				GCC_C_LANGUAGE_STANDARD = gnu99;
				GCC_DYNAMIC_NO_PIC = NO;
				GCC_NO_COMMON_BLOCKS = YES;
				GCC_OPTIMIZATION_LEVEL = 0;
				GCC_PREPROCESSOR_DEFINITIONS = (
					"DEBUG=1",
					"$(inherited)",
				);
				GCC_SYMBOLS_PRIVATE_EXTERN = NO;
				GCC_WARN_64_TO_32_BIT_CONVERSION = YES;
				GCC_WARN_ABOUT_RETURN_TYPE = YES_ERROR;
				GCC_WARN_UNDECLARED_SELECTOR = YES;
				GCC_WARN_UNINITIALIZED_AUTOS = YES_AGGRESSIVE;
				GCC_WARN_UNUSED_FUNCTION = YES;
				GCC_WARN_UNUSED_VARIABLE = YES;
				IPHONEOS_DEPLOYMENT_TARGET = 11.0;
				MTL_ENABLE_DEBUG_INFO = YES;
				ONLY_ACTIVE_ARCH = YES;
				SDKROOT = iphoneos;
			};
			name = Debug;
		};
		58B511EE1A9E6C8500147676 /* Release */ = {
			isa = XCBuildConfiguration;
			buildSettings = {
				ALWAYS_SEARCH_USER_PATHS = NO;
				CLANG_CXX_LANGUAGE_STANDARD = "gnu++0x";
				CLANG_CXX_LIBRARY = "libc++";
				CLANG_ENABLE_MODULES = YES;
				CLANG_ENABLE_OBJC_ARC = YES;
				CLANG_WARN_BOOL_CONVERSION = YES;
				CLANG_WARN_CONSTANT_CONVERSION = YES;
				CLANG_WARN_DIRECT_OBJC_ISA_USAGE = YES_ERROR;
				CLANG_WARN_EMPTY_BODY = YES;
				CLANG_WARN_ENUM_CONVERSION = YES;
				CLANG_WARN_INFINITE_RECURSION = YES;
				CLANG_WARN_INT_CONVERSION = YES;
				CLANG_WARN_OBJC_ROOT_CLASS = YES_ERROR;
				CLANG_WARN_SUSPICIOUS_MOVE = YES;
				CLANG_WARN_UNREACHABLE_CODE = YES;
				CLANG_WARN__DUPLICATE_METHOD_MATCH = YES;
				COPY_PHASE_STRIP = YES;
				ENABLE_NS_ASSERTIONS = NO;
				ENABLE_STRICT_OBJC_MSGSEND = YES;
				GCC_C_LANGUAGE_STANDARD = gnu99;
				GCC_NO_COMMON_BLOCKS = YES;
				GCC_WARN_64_TO_32_BIT_CONVERSION = YES;
				GCC_WARN_ABOUT_RETURN_TYPE = YES_ERROR;
				GCC_WARN_UNDECLARED_SELECTOR = YES;
				GCC_WARN_UNINITIALIZED_AUTOS = YES_AGGRESSIVE;
				GCC_WARN_UNUSED_FUNCTION = YES;
				GCC_WARN_UNUSED_VARIABLE = YES;
				IPHONEOS_DEPLOYMENT_TARGET = 11.0;
				MTL_ENABLE_DEBUG_INFO = NO;
				SDKROOT = iphoneos;
				VALIDATE_PRODUCT = YES;
			};
			name = Release;
		};
		58B511F01A9E6C8500147676 /* Debug */ = {
			isa = XCBuildConfiguration;
			buildSettings = {
				HEADER_SEARCH_PATHS = (
					"$(inherited)",
					/Applications/Xcode.app/Contents/Developer/Toolchains/XcodeDefault.xctoolchain/usr/include,
					"$(SRCROOT)/../../../React/**",
					"$(SRCROOT)/../../react-native/React/**",
				);
				LIBRARY_SEARCH_PATHS = "$(inherited)";
				OTHER_LDFLAGS = "-ObjC";
				PRODUCT_NAME = RNGizwitsRnSdk;
				SKIP_INSTALL = YES;
			};
			name = Debug;
		};
		58B511F11A9E6C8500147676 /* Release */ = {
			isa = XCBuildConfiguration;
			buildSettings = {
				HEADER_SEARCH_PATHS = (
					"$(inherited)",
					/Applications/Xcode.app/Contents/Developer/Toolchains/XcodeDefault.xctoolchain/usr/include,
					"$(SRCROOT)/../../../React/**",
					"$(SRCROOT)/../../react-native/React/**",
				);
				LIBRARY_SEARCH_PATHS = "$(inherited)";
				OTHER_LDFLAGS = "-ObjC";
				PRODUCT_NAME = RNGizwitsRnSdk;
				SKIP_INSTALL = YES;
			};
			name = Release;
		};
/* End XCBuildConfiguration section */

/* Begin XCConfigurationList section */
		58B511D61A9E6C8500147676 /* Build configuration list for PBXProject "RNGizwitsRnSdk" */ = {
			isa = XCConfigurationList;
			buildConfigurations = (
				58B511ED1A9E6C8500147676 /* Debug */,
				58B511EE1A9E6C8500147676 /* Release */,
			);
			defaultConfigurationIsVisible = 0;
			defaultConfigurationName = Release;
		};
		58B511EF1A9E6C8500147676 /* Build configuration list for PBXNativeTarget "RNGizwitsRnSdk" */ = {
			isa = XCConfigurationList;
			buildConfigurations = (
				58B511F01A9E6C8500147676 /* Debug */,
				58B511F11A9E6C8500147676 /* Release */,
			);
			defaultConfigurationIsVisible = 0;
			defaultConfigurationName = Release;
		};
/* End XCConfigurationList section */
	};
	rootObject = 58B511D31A9E6C8500147676 /* Project object */;
}
